
Microsoft Visual Studio Solution File, Format Version 12.00
# Visual Studio Version 16
VisualStudioVersion = 16.0.30011.22
MinimumVisualStudioVersion = 10.0.40219.1
Project("{FAE04EC0-301F-11D3-BF4B-00C04F79EFBC}") = "TSXConfigurationReader", "TSXConfigurationReader\TSXConfigurationReader.csproj", "{DB654DDF-FB4F-4BF0-8A2E-F542E681EEF9}"
EndProject
Global
	GlobalSection(SolutionConfigurationPlatforms) = preSolution
		Debug|Any CPU = Debug|Any CPU
		Release|Any CPU = Release|Any CPU
	EndGlobalSection
	GlobalSection(ProjectConfigurationPlatforms) = postSolution
		{DB654DDF-FB4F-4BF0-8A2E-F542E681EEF9}.Debug|Any CPU.ActiveCfg = Debug|Any CPU
		{DB654DDF-FB4F-4BF0-8A2E-F542E681EEF9}.Debug|Any CPU.Build.0 = Debug|Any CPU
		{DB654DDF-FB4F-4BF0-8A2E-F542E681EEF9}.Release|Any CPU.ActiveCfg = Release|Any CPU
		{DB654DDF-FB4F-4BF0-8A2E-F542E681EEF9}.Release|Any CPU.Build.0 = Release|Any CPU
	EndGlobalSection
	GlobalSection(SolutionProperties) = preSolution
		HideSolutionNode = FALSE
	EndGlobalSection
	GlobalSection(ExtensibilityGlobals) = postSolution
		SolutionGuid = {16C82CD5-4158-4FD7-82DE-2A1E41740A1A}
	EndGlobalSection
EndGlobal
